
Microsoft Visual Studio Solution File, Format Version 12.00
# Visual Studio 15
VisualStudioVersion = 15.0.28307.136
MinimumVisualStudioVersion = 10.0.40219.1
Project("{FAE04EC0-301F-11D3-BF4B-00C04F79EFBC}") = "Postulate.Base", "Postulate.Base\Postulate.Base.csproj", "{399A2776-8168-4302-8471-631845AB7691}"
EndProject
Project("{FAE04EC0-301F-11D3-BF4B-00C04F79EFBC}") = "Postulate.SqlServer", "Postulate.SqlServer\Postulate.SqlServer.csproj", "{281B82F7-80EA-4E12-9DCD-14394D5C96E5}"
EndProject
Global
	GlobalSection(SolutionConfigurationPlatforms) = preSolution
		Debug|Any CPU = Debug|Any CPU
		Release|Any CPU = Release|Any CPU
	EndGlobalSection
	GlobalSection(ProjectConfigurationPlatforms) = postSolution
		{399A2776-8168-4302-8471-631845AB7691}.Debug|Any CPU.ActiveCfg = Debug|Any CPU
		{399A2776-8168-4302-8471-631845AB7691}.Debug|Any CPU.Build.0 = Debug|Any CPU
		{399A2776-8168-4302-8471-631845AB7691}.Release|Any CPU.ActiveCfg = Release|Any CPU
		{399A2776-8168-4302-8471-631845AB7691}.Release|Any CPU.Build.0 = Release|Any CPU
		{281B82F7-80EA-4E12-9DCD-14394D5C96E5}.Debug|Any CPU.ActiveCfg = Debug|Any CPU
		{281B82F7-80EA-4E12-9DCD-14394D5C96E5}.Debug|Any CPU.Build.0 = Debug|Any CPU
		{281B82F7-80EA-4E12-9DCD-14394D5C96E5}.Release|Any CPU.ActiveCfg = Release|Any CPU
		{281B82F7-80EA-4E12-9DCD-14394D5C96E5}.Release|Any CPU.Build.0 = Release|Any CPU
	EndGlobalSection
	GlobalSection(SolutionProperties) = preSolution
		HideSolutionNode = FALSE
	EndGlobalSection
	GlobalSection(ExtensibilityGlobals) = postSolution
		SolutionGuid = {361D8BB4-DFF6-4645-BDD5-180CD27573A1}
	EndGlobalSection
EndGlobal
