
Microsoft Visual Studio Solution File, Format Version 12.00
# Visual Studio 15
VisualStudioVersion = 15.0.28307.136
MinimumVisualStudioVersion = 10.0.40219.1
Project("{9A19103F-16F7-4668-BE54-9A1E7A4F7556}") = "Postulate.Base", "Postulate.Base\Postulate.Base.csproj", "{E42BFAF3-76B1-4FBA-AA79-3282AD3A3BD6}"
EndProject
Project("{9A19103F-16F7-4668-BE54-9A1E7A4F7556}") = "Postulate.SqlServer", "Postulate.SqlServer\Postulate.SqlServer.csproj", "{4A888B73-9ED7-4AF6-8E44-87EBE5B01D43}"
EndProject
Project("{9A19103F-16F7-4668-BE54-9A1E7A4F7556}") = "Postulate.MySql", "Postulate.MySql\Postulate.MySql.csproj", "{BA87BB2F-502A-4ACF-8689-131FDE206BA9}"
EndProject
Project("{9A19103F-16F7-4668-BE54-9A1E7A4F7556}") = "Tests", "Tests\Tests.csproj", "{C9914729-DFF3-42B7-AFE7-6E9DB518B6CE}"
EndProject
Project("{2150E333-8FDC-42A3-9474-1A3956D46DE8}") = "DotNetFramework", "DotNetFramework", "{45A83093-164A-4064-ACA5-9D4BC2E58E00}"
EndProject
Project("{FAE04EC0-301F-11D3-BF4B-00C04F79EFBC}") = "Postulate.Base.Framework", "DotNetFramework\Postulate.Base\Postulate.Base.Framework.csproj", "{110623C2-DECD-40F3-AC9F-3884BA8589B2}"
EndProject
Project("{FAE04EC0-301F-11D3-BF4B-00C04F79EFBC}") = "Postulate.SqlServer.Framework", "DotNetFramework\Postulate.SqlServer.Framework\Postulate.SqlServer.Framework.csproj", "{31BCEDC6-8EDF-43BB-8F1C-4AE79B2A4804}"
EndProject
Global
	GlobalSection(SolutionConfigurationPlatforms) = preSolution
		Debug|Any CPU = Debug|Any CPU
		Release|Any CPU = Release|Any CPU
	EndGlobalSection
	GlobalSection(ProjectConfigurationPlatforms) = postSolution
		{E42BFAF3-76B1-4FBA-AA79-3282AD3A3BD6}.Debug|Any CPU.ActiveCfg = Debug|Any CPU
		{E42BFAF3-76B1-4FBA-AA79-3282AD3A3BD6}.Debug|Any CPU.Build.0 = Debug|Any CPU
		{E42BFAF3-76B1-4FBA-AA79-3282AD3A3BD6}.Release|Any CPU.ActiveCfg = Release|Any CPU
		{E42BFAF3-76B1-4FBA-AA79-3282AD3A3BD6}.Release|Any CPU.Build.0 = Release|Any CPU
		{4A888B73-9ED7-4AF6-8E44-87EBE5B01D43}.Debug|Any CPU.ActiveCfg = Debug|Any CPU
		{4A888B73-9ED7-4AF6-8E44-87EBE5B01D43}.Debug|Any CPU.Build.0 = Debug|Any CPU
		{4A888B73-9ED7-4AF6-8E44-87EBE5B01D43}.Release|Any CPU.ActiveCfg = Release|Any CPU
		{4A888B73-9ED7-4AF6-8E44-87EBE5B01D43}.Release|Any CPU.Build.0 = Release|Any CPU
		{BA87BB2F-502A-4ACF-8689-131FDE206BA9}.Debug|Any CPU.ActiveCfg = Debug|Any CPU
		{BA87BB2F-502A-4ACF-8689-131FDE206BA9}.Debug|Any CPU.Build.0 = Debug|Any CPU
		{BA87BB2F-502A-4ACF-8689-131FDE206BA9}.Release|Any CPU.ActiveCfg = Release|Any CPU
		{BA87BB2F-502A-4ACF-8689-131FDE206BA9}.Release|Any CPU.Build.0 = Release|Any CPU
		{C9914729-DFF3-42B7-AFE7-6E9DB518B6CE}.Debug|Any CPU.ActiveCfg = Debug|Any CPU
		{C9914729-DFF3-42B7-AFE7-6E9DB518B6CE}.Debug|Any CPU.Build.0 = Debug|Any CPU
		{C9914729-DFF3-42B7-AFE7-6E9DB518B6CE}.Release|Any CPU.ActiveCfg = Release|Any CPU
		{C9914729-DFF3-42B7-AFE7-6E9DB518B6CE}.Release|Any CPU.Build.0 = Release|Any CPU
		{110623C2-DECD-40F3-AC9F-3884BA8589B2}.Debug|Any CPU.ActiveCfg = Debug|Any CPU
		{110623C2-DECD-40F3-AC9F-3884BA8589B2}.Debug|Any CPU.Build.0 = Debug|Any CPU
		{110623C2-DECD-40F3-AC9F-3884BA8589B2}.Release|Any CPU.ActiveCfg = Release|Any CPU
		{110623C2-DECD-40F3-AC9F-3884BA8589B2}.Release|Any CPU.Build.0 = Release|Any CPU
		{31BCEDC6-8EDF-43BB-8F1C-4AE79B2A4804}.Debug|Any CPU.ActiveCfg = Debug|Any CPU
		{31BCEDC6-8EDF-43BB-8F1C-4AE79B2A4804}.Debug|Any CPU.Build.0 = Debug|Any CPU
		{31BCEDC6-8EDF-43BB-8F1C-4AE79B2A4804}.Release|Any CPU.ActiveCfg = Release|Any CPU
		{31BCEDC6-8EDF-43BB-8F1C-4AE79B2A4804}.Release|Any CPU.Build.0 = Release|Any CPU
	EndGlobalSection
	GlobalSection(SolutionProperties) = preSolution
		HideSolutionNode = FALSE
	EndGlobalSection
	GlobalSection(NestedProjects) = preSolution
		{110623C2-DECD-40F3-AC9F-3884BA8589B2} = {45A83093-164A-4064-ACA5-9D4BC2E58E00}
		{31BCEDC6-8EDF-43BB-8F1C-4AE79B2A4804} = {45A83093-164A-4064-ACA5-9D4BC2E58E00}
	EndGlobalSection
	GlobalSection(ExtensibilityGlobals) = postSolution
		SolutionGuid = {361D8BB4-DFF6-4645-BDD5-180CD27573A1}
	EndGlobalSection
EndGlobal
