
Microsoft Visual Studio Solution File, Format Version 12.00
# Visual Studio 15
VisualStudioVersion = 15.0.28307.136
MinimumVisualStudioVersion = 10.0.40219.1
Project("{9A19103F-16F7-4668-BE54-9A1E7A4F7556}") = "Postulate.Base", "Postulate.Base\Postulate.Base.csproj", "{399A2776-8168-4302-8471-631845AB7691}"
EndProject
Project("{9A19103F-16F7-4668-BE54-9A1E7A4F7556}") = "Postulate.SqlServer", "Postulate.SqlServer\Postulate.SqlServer.csproj", "{281B82F7-80EA-4E12-9DCD-14394D5C96E5}"
EndProject
Project("{FAE04EC0-301F-11D3-BF4B-00C04F79EFBC}") = "Postulate.MySql", "Postulate.MySQL\Postulate.MySql.csproj", "{B8C5B5DE-CD0F-41B4-8E61-30FDCFD56A1E}"
EndProject
Project("{FAE04EC0-301F-11D3-BF4B-00C04F79EFBC}") = "Tests", "Tests\Tests.csproj", "{6272EBF1-C701-4118-8D11-559DD699B65D}"
EndProject
Global
	GlobalSection(SolutionConfigurationPlatforms) = preSolution
		Debug|Any CPU = Debug|Any CPU
		Release|Any CPU = Release|Any CPU
	EndGlobalSection
	GlobalSection(ProjectConfigurationPlatforms) = postSolution
		{399A2776-8168-4302-8471-631845AB7691}.Debug|Any CPU.ActiveCfg = Debug|Any CPU
		{399A2776-8168-4302-8471-631845AB7691}.Debug|Any CPU.Build.0 = Debug|Any CPU
		{399A2776-8168-4302-8471-631845AB7691}.Release|Any CPU.ActiveCfg = Release|Any CPU
		{399A2776-8168-4302-8471-631845AB7691}.Release|Any CPU.Build.0 = Release|Any CPU
		{281B82F7-80EA-4E12-9DCD-14394D5C96E5}.Debug|Any CPU.ActiveCfg = Debug|Any CPU
		{281B82F7-80EA-4E12-9DCD-14394D5C96E5}.Debug|Any CPU.Build.0 = Debug|Any CPU
		{281B82F7-80EA-4E12-9DCD-14394D5C96E5}.Release|Any CPU.ActiveCfg = Release|Any CPU
		{281B82F7-80EA-4E12-9DCD-14394D5C96E5}.Release|Any CPU.Build.0 = Release|Any CPU
		{B8C5B5DE-CD0F-41B4-8E61-30FDCFD56A1E}.Debug|Any CPU.ActiveCfg = Debug|Any CPU
		{B8C5B5DE-CD0F-41B4-8E61-30FDCFD56A1E}.Debug|Any CPU.Build.0 = Debug|Any CPU
		{B8C5B5DE-CD0F-41B4-8E61-30FDCFD56A1E}.Release|Any CPU.ActiveCfg = Release|Any CPU
		{B8C5B5DE-CD0F-41B4-8E61-30FDCFD56A1E}.Release|Any CPU.Build.0 = Release|Any CPU
		{6272EBF1-C701-4118-8D11-559DD699B65D}.Debug|Any CPU.ActiveCfg = Debug|Any CPU
		{6272EBF1-C701-4118-8D11-559DD699B65D}.Debug|Any CPU.Build.0 = Debug|Any CPU
		{6272EBF1-C701-4118-8D11-559DD699B65D}.Release|Any CPU.ActiveCfg = Release|Any CPU
		{6272EBF1-C701-4118-8D11-559DD699B65D}.Release|Any CPU.Build.0 = Release|Any CPU
	EndGlobalSection
	GlobalSection(SolutionProperties) = preSolution
		HideSolutionNode = FALSE
	EndGlobalSection
	GlobalSection(ExtensibilityGlobals) = postSolution
		SolutionGuid = {361D8BB4-DFF6-4645-BDD5-180CD27573A1}
	EndGlobalSection
EndGlobal
